# THIS IS AN AUTOGENERATED FILE. DO NOT EDIT THIS FILE DIRECTLY.
# yarn lockfile v1


"@next/env@13.0.1-canary.2":
  version "13.0.1-canary.2"
  resolved "https://registry.yarnpkg.com/@next/env/-/env-13.0.1-canary.2.tgz#bb4dfaf8e455e958701ed79e60b2844942186af5"
  integrity sha512-lkfdU++RxL2dSO7Y/zi8rJhzKJ2om32tKqXjh1LWtjEsTuo3tyZ8EcrxmBiYR9OZkjnICmGCaUdaupG9zUOegQ==

"@next/swc-android-arm-eabi@13.0.1-canary.2":
  version "13.0.1-canary.2"
  resolved "https://registry.yarnpkg.com/@next/swc-android-arm-eabi/-/swc-android-arm-eabi-13.0.1-canary.2.tgz#6bbb4906a0d95b51a31d9d21a8ec5fcc02a3b7b1"
  integrity sha512-qcWZQ6laexDNq0y4lr8INVg49OsnYOqUpMpgOXj93kn3oRZKjL0dD9D5YV2h4E7chmsqE3mnDuyVnSun6/ie+g==

"@next/swc-android-arm64@13.0.1-canary.2":
  version "13.0.1-canary.2"
  resolved "https://registry.yarnpkg.com/@next/swc-android-arm64/-/swc-android-arm64-13.0.1-canary.2.tgz#7ddb88c9ea663032d5c95e1a0629771441595f67"
  integrity sha512-dzcONGirB0JYRMXG6Zqe3HWkpuLEBX05JrVxtpU1lMiSh6guwWKHF9UAfMEcw5F6IkF3FvrYPJv5WjmxrBMn3w==

"@next/swc-darwin-arm64@13.0.1-canary.2":
  version "13.0.1-canary.2"
  resolved "https://registry.yarnpkg.com/@next/swc-darwin-arm64/-/swc-darwin-arm64-13.0.1-canary.2.tgz#a4c17a4430e984748a81ba8a424366db8ba0ca19"
  integrity sha512-WY4WidDbJPkQ/9bLyO1Fme5Abx96MadEuSxjpRv3EUxH0gK84HOa9+8zdDPzGBDP4fJas3LNgW1jfRjjzZ8L0g==

"@next/swc-darwin-x64@13.0.1-canary.2":
  version "13.0.1-canary.2"
  resolved "https://registry.yarnpkg.com/@next/swc-darwin-x64/-/swc-darwin-x64-13.0.1-canary.2.tgz#1e3a63119be8283bedfde4840a0a21106109c29b"
  integrity sha512-8IOaFHoF0akNechZRpXthbJB300B2mx2WPhlp/9/uFZ7plQlnKT6Coy5H3KqDcoT7R0s0d6x8/DEvDVeQgJNuw==

"@next/swc-freebsd-x64@13.0.1-canary.2":
  version "13.0.1-canary.2"
  resolved "https://registry.yarnpkg.com/@next/swc-freebsd-x64/-/swc-freebsd-x64-13.0.1-canary.2.tgz#21a4af6722ca016832e2aedb2ae32297903bcfc9"
  integrity sha512-B3HGRwvV2LZAnkCN332gpZHMrcbFiD2zDG3D7h+FORcFqQvKQ41/dMABr7cIrd+VzK8PVMchLkaD98eGPsvyxg==

"@next/swc-linux-arm-gnueabihf@13.0.1-canary.2":
  version "13.0.1-canary.2"
  resolved "https://registry.yarnpkg.com/@next/swc-linux-arm-gnueabihf/-/swc-linux-arm-gnueabihf-13.0.1-canary.2.tgz#a043190c3125446541a357a298429860c632626c"
  integrity sha512-qWSKkxkp+KS7iBSUJuVPYrVPzF1APg0F9eU4gpRrIUgSDi8OZo4+ap5ddDHdRwJNfctXNCHf8yUzOC+hbkF04Q==

"@next/swc-linux-arm64-gnu@13.0.1-canary.2":
  version "13.0.1-canary.2"
  resolved "https://registry.yarnpkg.com/@next/swc-linux-arm64-gnu/-/swc-linux-arm64-gnu-13.0.1-canary.2.tgz#c6215901c714f1feb75bcef8e0f43e07f3556a67"
  integrity sha512-4j6xvfr4sC4Sfuogu2tb78VSWrgQsrM/80za3QzJShG3oC8qNN1iQUx6yYvCdS8W4hZG/gDQ3xtJ1VKIN3eFVQ==

"@next/swc-linux-arm64-musl@13.0.1-canary.2":
  version "13.0.1-canary.2"
  resolved "https://registry.yarnpkg.com/@next/swc-linux-arm64-musl/-/swc-linux-arm64-musl-13.0.1-canary.2.tgz#e001e0de924925a967582b694d2880045298cba7"
  integrity sha512-tNxS0/8jiUx3nxCyn/lHf4qu24CT/cKFUqWGrnjXl9WxHy8dUpG0hHgh+gfrn8Sj2sahy0Ub46nb+cwjY7x8jg==

"@next/swc-linux-x64-gnu@13.0.1-canary.2":
  version "13.0.1-canary.2"
  resolved "https://registry.yarnpkg.com/@next/swc-linux-x64-gnu/-/swc-linux-x64-gnu-13.0.1-canary.2.tgz#a518e3ca922b2642433bf3f7aa23d561cf87ccc1"
  integrity sha512-nK9KcrMSGsDKu9grN5gMAjitUnZkG7267gSq4yrdPVQ5OpEk7tFL+Jn4jYeY/B4N1K/Rke0EyalFfe1Rh3jdvQ==

"@next/swc-linux-x64-musl@13.0.1-canary.2":
  version "13.0.1-canary.2"
  resolved "https://registry.yarnpkg.com/@next/swc-linux-x64-musl/-/swc-linux-x64-musl-13.0.1-canary.2.tgz#8a3d69f332e24aa4e3a6a3deaf40b9f916b65c03"
  integrity sha512-XvCAIVBoY08y7u3ExOPnhWY/PaH/EzfFHyVZo80NWX0JuPqtiQPE9AhdAavUpGX4evTYyABLAJMXs5zdUa5+KA==

"@next/swc-win32-arm64-msvc@13.0.1-canary.2":
  version "13.0.1-canary.2"
  resolved "https://registry.yarnpkg.com/@next/swc-win32-arm64-msvc/-/swc-win32-arm64-msvc-13.0.1-canary.2.tgz#724610b2a20d4193ef90d2b4a46e67b377ce56eb"
  integrity sha512-6E6XcCPe+GhRO2gbiUu+5yjh4QBA5R+A7aU0WAUenBEP0QlwbHL5OwQ3XXvPswQVZbUZAfE1Ll27u6hMuW4zhw==

"@next/swc-win32-ia32-msvc@13.0.1-canary.2":
  version "13.0.1-canary.2"
  resolved "https://registry.yarnpkg.com/@next/swc-win32-ia32-msvc/-/swc-win32-ia32-msvc-13.0.1-canary.2.tgz#1f360e79d593bc279d9149dfa4270c112af9d937"
  integrity sha512-9WgoZ2IxBY+fnO7dP/QwpRV5UIx1yDkTlyNK3xwB+WP2ZMyeHuBjPiaROyQ/miXD4oYHT1wWoH/BmiqcYwqxjw==

"@next/swc-win32-x64-msvc@13.0.1-canary.2":
  version "13.0.1-canary.2"
  resolved "https://registry.yarnpkg.com/@next/swc-win32-x64-msvc/-/swc-win32-x64-msvc-13.0.1-canary.2.tgz#109b49e305480223eb7583d275977099972e43df"
  integrity sha512-yFM8qVuL2OO7rKGMYX4hapLgXf7BWRfvGfyP574PUJBK8X1YcxYxMrcqDXdy/zpvyK7qnam4NnFHA5Rw63HkcA==

"@swc/helpers@0.4.11":
  version "0.4.11"
  resolved "https://registry.yarnpkg.com/@swc/helpers/-/helpers-0.4.11.tgz#db23a376761b3d31c26502122f349a21b592c8de"
  integrity sha512-rEUrBSGIoSFuYxwBYtlUFMlE2CwGhmW+w9355/5oduSw8e5h2+Tj4UrAGNNgP9915++wj5vkQo0UuOBqOAq4nw==
  dependencies:
    tslib "^2.4.0"

"@types/node@^18.0.0":
  version "18.11.8"
  resolved "https://registry.yarnpkg.com/@types/node/-/node-18.11.8.tgz#16d222a58d4363a2a359656dd20b28414de5d265"
  integrity sha512-uGwPWlE0Hj972KkHtCDVwZ8O39GmyjfMane1Z3GUBGGnkZ2USDq7SxLpVIiIHpweY9DS0QTDH0Nw7RNBsAAZ5A==

"@types/prop-types@*":
  version "15.7.5"
  resolved "https://registry.yarnpkg.com/@types/prop-types/-/prop-types-15.7.5.tgz#5f19d2b85a98e9558036f6a3cacc8819420f05cf"
  integrity sha512-JCB8C6SnDoQf0cNycqd/35A7MjcnK+ZTqE7judS6o7utxUCg6imJg3QK2qzHKszlTjcj2cn+NwMB2i96ubpj7w==

"@types/react@^18.0.14":
  version "18.0.24"
  resolved "https://registry.yarnpkg.com/@types/react/-/react-18.0.24.tgz#2f79ed5b27f08d05107aab45c17919754cc44c20"
  integrity sha512-wRJWT6ouziGUy+9uX0aW4YOJxAY0bG6/AOk5AW5QSvZqI7dk6VBIbXvcVgIw/W5Jrl24f77df98GEKTJGOLx7Q==
  dependencies:
    "@types/prop-types" "*"
    "@types/scheduler" "*"
    csstype "^3.0.2"

"@types/scheduler@*":
  version "0.16.2"
  resolved "https://registry.yarnpkg.com/@types/scheduler/-/scheduler-0.16.2.tgz#1a62f89525723dde24ba1b01b092bf5df8ad4d39"
  integrity sha512-hppQEBDmlwhFAXKJX2KnWLYu5yMfi91yazPb2l+lbJiwW+wdo1gNeRA+3RgNSO39WYX2euey41KEwnqesU2Jew==

caniuse-lite@^1.0.30001406:
  version "1.0.30001427"
  resolved "https://registry.yarnpkg.com/caniuse-lite/-/caniuse-lite-1.0.30001427.tgz#d3a749f74be7ae0671fbec3a4eea18576e8ad646"
  integrity sha512-lfXQ73oB9c8DP5Suxaszm+Ta2sr/4tf8+381GkIm1MLj/YdLf+rEDyDSRCzeltuyTVGm+/s18gdZ0q+Wmp8VsQ==

client-only@0.0.1:
  version "0.0.1"
  resolved "https://registry.yarnpkg.com/client-only/-/client-only-0.0.1.tgz#38bba5d403c41ab150bff64a95c85013cf73bca1"
  integrity sha512-IV3Ou0jSMzZrd3pZ48nLkT9DA7Ag1pnPzaiQhpW7c3RbcqqzvzzVu+L8gfqMp/8IM2MQtSiqaCxrrcfu8I8rMA==

csstype@^3.0.2:
  version "3.1.1"
  resolved "https://registry.yarnpkg.com/csstype/-/csstype-3.1.1.tgz#841b532c45c758ee546a11d5bd7b7b473c8c30b9"
  integrity sha512-DJR/VvkAvSZW9bTouZue2sSxDwdTN92uHjqeKVm+0dAqdfNykRzQ95tay8aXMBAAPpUiq4Qcug2L7neoRh2Egw==

"js-tokens@^3.0.0 || ^4.0.0":
  version "4.0.0"
  resolved "https://registry.yarnpkg.com/js-tokens/-/js-tokens-4.0.0.tgz#19203fb59991df98e3a287050d4647cdeaf32499"
  integrity sha512-RdJUflcE3cUzKiMqQgsCu06FPu9UdIJO0beYbPhHN4k6apgJtifcoCtT9bcxOpYBtpD2kCM6Sbzg4CausW/PKQ==

loose-envify@^1.1.0:
  version "1.4.0"
  resolved "https://registry.yarnpkg.com/loose-envify/-/loose-envify-1.4.0.tgz#71ee51fa7be4caec1a63839f7e682d8132d30caf"
  integrity sha512-lyuxPGr/Wfhrlem2CL/UcnUc1zcqKAImBDzukY7Y5F/yQiNdko6+fRLevlw1HgMySw7f611UIY408EtxRSoK3Q==
  dependencies:
    js-tokens "^3.0.0 || ^4.0.0"

nanoid@^3.3.4:
  version "3.3.4"
  resolved "https://registry.yarnpkg.com/nanoid/-/nanoid-3.3.4.tgz#730b67e3cd09e2deacf03c027c81c9d9dbc5e8ab"
  integrity sha512-MqBkQh/OHTS2egovRtLk45wEyNXwF+cokD+1YPf9u5VfJiRdAiRwB2froX5Co9Rh20xs4siNPm8naNotSD6RBw==

next@canary:
  version "13.0.1-canary.2"
  resolved "https://registry.yarnpkg.com/next/-/next-13.0.1-canary.2.tgz#916a5d01eecb5e14b7705f68664cfdd9ed470000"
  integrity sha512-LrkPF+t+fPCbnIGrVqgiB2s6z21GYtFsR/1rSaIjvhamZlElOfwVJUvuJZv+uIOG3ZKNybkkyjp19KINBJq4kQ==
  dependencies:
    "@next/env" "13.0.1-canary.2"
    "@swc/helpers" "0.4.11"
    caniuse-lite "^1.0.30001406"
    postcss "8.4.14"
    styled-jsx "5.1.0"
    use-sync-external-store "1.2.0"
  optionalDependencies:
    "@next/swc-android-arm-eabi" "13.0.1-canary.2"
    "@next/swc-android-arm64" "13.0.1-canary.2"
    "@next/swc-darwin-arm64" "13.0.1-canary.2"
    "@next/swc-darwin-x64" "13.0.1-canary.2"
    "@next/swc-freebsd-x64" "13.0.1-canary.2"
    "@next/swc-linux-arm-gnueabihf" "13.0.1-canary.2"
    "@next/swc-linux-arm64-gnu" "13.0.1-canary.2"
    "@next/swc-linux-arm64-musl" "13.0.1-canary.2"
    "@next/swc-linux-x64-gnu" "13.0.1-canary.2"
    "@next/swc-linux-x64-musl" "13.0.1-canary.2"
    "@next/swc-win32-arm64-msvc" "13.0.1-canary.2"
    "@next/swc-win32-ia32-msvc" "13.0.1-canary.2"
    "@next/swc-win32-x64-msvc" "13.0.1-canary.2"

picocolors@^1.0.0:
  version "1.0.0"
  resolved "https://registry.yarnpkg.com/picocolors/-/picocolors-1.0.0.tgz#cb5bdc74ff3f51892236eaf79d68bc44564ab81c"
  integrity sha512-1fygroTLlHu66zi26VoTDv8yRgm0Fccecssto+MhsZ0D/DGW2sm8E8AjW7NU5VVTRt5GxbeZ5qBuJr+HyLYkjQ==

postcss@8.4.14:
  version "8.4.14"
  resolved "https://registry.yarnpkg.com/postcss/-/postcss-8.4.14.tgz#ee9274d5622b4858c1007a74d76e42e56fd21caf"
  integrity sha512-E398TUmfAYFPBSdzgeieK2Y1+1cpdxJx8yXbK/m57nRhKSmk1GB2tO4lbLBtlkfPQTDKfe4Xqv1ASWPpayPEig==
  dependencies:
    nanoid "^3.3.4"
    picocolors "^1.0.0"
    source-map-js "^1.0.2"

react-dom@^18.2.0:
  version "18.2.0"
  resolved "https://registry.yarnpkg.com/react-dom/-/react-dom-18.2.0.tgz#22aaf38708db2674ed9ada224ca4aa708d821e3d"
  integrity sha512-6IMTriUmvsjHUjNtEDudZfuDQUoWXVxKHhlEGSk81n4YFS+r/Kl99wXiwlVXtPBtJenozv2P+hxDsw9eA7Xo6g==
  dependencies:
    loose-envify "^1.1.0"
    scheduler "^0.23.0"

react@^18.2.0:
  version "18.2.0"
  resolved "https://registry.yarnpkg.com/react/-/react-18.2.0.tgz#555bd98592883255fa00de14f1151a917b5d77d5"
  integrity sha512-/3IjMdb2L9QbBdWiW5e3P2/npwMBaU9mHCSCUzNln0ZCYbcfTsGbTJrU/kGemdH2IWmB2ioZ+zkxtmq6g09fGQ==
  dependencies:
    loose-envify "^1.1.0"

scheduler@^0.23.0:
  version "0.23.0"
  resolved "https://registry.yarnpkg.com/scheduler/-/scheduler-0.23.0.tgz#ba8041afc3d30eb206a487b6b384002e4e61fdfe"
  integrity sha512-CtuThmgHNg7zIZWAXi3AsyIzA3n4xx7aNyjwC2VJldO2LMVDhFK+63xGqq6CsJH4rTAt6/M+N4GhZiDYPx9eUw==
  dependencies:
    loose-envify "^1.1.0"

source-map-js@^1.0.2:
  version "1.0.2"
  resolved "https://registry.yarnpkg.com/source-map-js/-/source-map-js-1.0.2.tgz#adbc361d9c62df380125e7f161f71c826f1e490c"
  integrity sha512-R0XvVJ9WusLiqTCEiGCmICCMplcCkIwwR11mOSD9CR5u+IXYdiseeEuXCVAjS54zqwkLcPNnmU4OeJ6tUrWhDw==

styled-jsx@5.1.0:
  version "5.1.0"
  resolved "https://registry.yarnpkg.com/styled-jsx/-/styled-jsx-5.1.0.tgz#4a5622ab9714bd3fcfaeec292aa555871f057563"
  integrity sha512-/iHaRJt9U7T+5tp6TRelLnqBqiaIT0HsO0+vgyj8hK2KUk7aejFqRrumqPUlAqDwAj8IbS/1hk3IhBAAK/FCUQ==
  dependencies:
    client-only "0.0.1"

tslib@^2.4.0:
  version "2.4.0"
  resolved "https://registry.yarnpkg.com/tslib/-/tslib-2.4.0.tgz#7cecaa7f073ce680a05847aa77be941098f36dc3"
  integrity sha512-d6xOpEDfsi2CZVlPQzGeux8XMwLT9hssAsaPYExaQMuYskwb+x1x7J371tWlbBdWHroy99KnVB6qIkUbs5X3UQ==

typescript@^4.7.4:
  version "4.8.4"
  resolved "https://registry.yarnpkg.com/typescript/-/typescript-4.8.4.tgz#c464abca159669597be5f96b8943500b238e60e6"
  integrity sha512-QCh+85mCy+h0IGff8r5XWzOVSbBO+KfeYrMQh7NJ58QujwcE22u+NUSmUxqF+un70P9GXKxa2HCNiTTMJknyjQ==

use-sync-external-store@1.2.0:
  version "1.2.0"
  resolved "https://registry.yarnpkg.com/use-sync-external-store/-/use-sync-external-store-1.2.0.tgz#7dbefd6ef3fe4e767a0cf5d7287aacfb5846928a"
  integrity sha512-eEgnFxGQ1Ife9bzYs6VLi8/4X6CObHMw9Qr9tPY43iKwsPw8xE8+EFsf/2cFZ5S3esXgpWgtSCtLNS41F+sKPA==
